{
	"requires": true,
	"lockfileVersion": 1,
	"dependencies": {
		"@types/react": {
			"version": "16.0.39",
			"resolved": "https://registry.npmjs.org/@types/react/-/react-16.0.39.tgz",
			"integrity": "sha512-EdW+v2cqQHHOKOc5s7sCKE8TpP/vVlCnLwLl4JMkzasC9ZNwNMiwAitSi7OhjBarVGoRTygLff+EzfexAFxljw=="
		},
		"enzyme-to-json": {
			"version": "3.3.1",
			"resolved": "https://registry.npmjs.org/enzyme-to-json/-/enzyme-to-json-3.3.1.tgz",
			"integrity": "sha512-PrgRyZAgEwOrh5/8BtBWrwGcv1mC7yNohytIciAX6SUqDaXg1BlU8CepYQ9BgnDP1i1jTB65qJJITMMCph+T6A==",
			"requires": {
				"lodash": "4.17.5"
			}
		},
		"lodash": {
			"version": "4.17.5",
			"resolved": "https://registry.npmjs.org/lodash/-/lodash-4.17.5.tgz",
			"integrity": "sha512-svL3uiZf1RwhH+cWrfZn3A4+U58wbP0tGVTLQPbjplZxZ8ROD9VLuNgsRniTlLe7OlSqR79RUehXgpBW/s0IQw=="
		}
	}
}
