# THIS IS AN AUTOGENERATED FILE. DO NOT EDIT THIS FILE DIRECTLY.
# yarn lockfile v1


"@types/react@^16.0.10":
  version "16.0.40"
  resolved "https://registry.yarnpkg.com/@types/react/-/react-16.0.40.tgz#caabc2296886f40b67f6fc80f0f3464476461df9"

enzyme-to-json@^3.3.0:
  version "3.3.1"
  resolved "https://registry.yarnpkg.com/enzyme-to-json/-/enzyme-to-json-3.3.1.tgz#64239dcd417e2fb552f4baa6632de4744b9b5b93"
  dependencies:
    lodash "^4.17.4"

lodash@^4.17.4:
  version "4.17.5"
  resolved "https://registry.yarnpkg.com/lodash/-/lodash-4.17.5.tgz#99a92d65c0272debe8c96b6057bc8fbfa3bed511"
