{
	"requires": true,
	"lockfileVersion": 1,
	"dependencies": {
		"circular-json-es6": {
			"version": "2.0.2",
			"resolved": "https://registry.npmjs.org/circular-json-es6/-/circular-json-es6-2.0.2.tgz",
			"integrity": "sha512-ODYONMMNb3p658Zv+Pp+/XPa5s6q7afhz3Tzyvo+VRh9WIrJ64J76ZC4GQxnlye/NesTn09jvOiuE8+xxfpwhQ=="
		},
		"deep-equal-ident": {
			"version": "https://registry.npmjs.org/deep-equal-ident/-/deep-equal-ident-1.1.1.tgz",
			"integrity": "sha1-BvS4nlNxDNbOpKd4HHqVZkLejck=",
			"requires": {
				"lodash.isequal": "https://registry.npmjs.org/lodash.isequal/-/lodash.isequal-3.0.4.tgz"
			}
		},
		"lodash._baseisequal": {
			"version": "https://registry.npmjs.org/lodash._baseisequal/-/lodash._baseisequal-3.0.7.tgz",
			"integrity": "sha1-2AJfdjOdKTQnZ9zIh85cuVpbUfE=",
			"requires": {
				"lodash.isarray": "https://registry.npmjs.org/lodash.isarray/-/lodash.isarray-3.0.4.tgz",
				"lodash.istypedarray": "https://registry.npmjs.org/lodash.istypedarray/-/lodash.istypedarray-3.0.6.tgz",
				"lodash.keys": "https://registry.npmjs.org/lodash.keys/-/lodash.keys-3.1.2.tgz"
			}
		},
		"lodash._bindcallback": {
			"version": "https://registry.npmjs.org/lodash._bindcallback/-/lodash._bindcallback-3.0.1.tgz",
			"integrity": "sha1-5THCdkTPi1epnhftlbNcdIeJOS4="
		},
		"lodash._getnative": {
			"version": "https://registry.npmjs.org/lodash._getnative/-/lodash._getnative-3.9.1.tgz",
			"integrity": "sha1-VwvH3t5G1hzc3mh9ZdPuy6o6r/U="
		},
		"lodash.isarguments": {
			"version": "https://registry.npmjs.org/lodash.isarguments/-/lodash.isarguments-3.1.0.tgz",
			"integrity": "sha1-L1c9hcaiQon/AGY7SRwdM4/zRYo="
		},
		"lodash.isarray": {
			"version": "https://registry.npmjs.org/lodash.isarray/-/lodash.isarray-3.0.4.tgz",
			"integrity": "sha1-eeTriMNqgSKvhvhEqpvNhRtfu1U="
		},
		"lodash.isequal": {
			"version": "https://registry.npmjs.org/lodash.isequal/-/lodash.isequal-3.0.4.tgz",
			"integrity": "sha1-HDXrO27wzR/1F0Pj6jz3/f/ay2Q=",
			"requires": {
				"lodash._baseisequal": "https://registry.npmjs.org/lodash._baseisequal/-/lodash._baseisequal-3.0.7.tgz",
				"lodash._bindcallback": "https://registry.npmjs.org/lodash._bindcallback/-/lodash._bindcallback-3.0.1.tgz"
			}
		},
		"lodash.istypedarray": {
			"version": "https://registry.npmjs.org/lodash.istypedarray/-/lodash.istypedarray-3.0.6.tgz",
			"integrity": "sha1-yaR3SYYHUB2OhJTSg7h8OSgc72I="
		},
		"lodash.keys": {
			"version": "https://registry.npmjs.org/lodash.keys/-/lodash.keys-3.1.2.tgz",
			"integrity": "sha1-TbwEcrFWvlCgsoaFXRvQsMZWCYo=",
			"requires": {
				"lodash._getnative": "https://registry.npmjs.org/lodash._getnative/-/lodash._getnative-3.9.1.tgz",
				"lodash.isarguments": "https://registry.npmjs.org/lodash.isarguments/-/lodash.isarguments-3.1.0.tgz",
				"lodash.isarray": "https://registry.npmjs.org/lodash.isarray/-/lodash.isarray-3.0.4.tgz"
			}
		}
	}
}
