# THIS IS AN AUTOGENERATED FILE. DO NOT EDIT THIS FILE DIRECTLY.
# yarn lockfile v1
colors:
  version "1.1.2"
  resolved "https://registry.yarnpkg.com/colors/-/colors-1.1.2.tgz#168a4701756b6a7f51a12ce0c97bfa28c084ed63"

deep-equal-ident@^1.1.1:
  version "1.1.1"
  resolved "https://registry.yarnpkg.com/deep-equal-ident/-/deep-equal-ident-1.1.1.tgz#06f4b89e53710cd6cea4a7781c7a956642de8dc9"
  dependencies:
    lodash.isequal "^3.0"

lodash._baseisequal@^3.0.0:
  version "3.0.7"
  resolved "https://registry.yarnpkg.com/lodash._baseisequal/-/lodash._baseisequal-3.0.7.tgz#d8025f76339d29342767dcc887ce5cb95a5b51f1"
  dependencies:
    lodash.isarray "^3.0.0"
    lodash.istypedarray "^3.0.0"
    lodash.keys "^3.0.0"

lodash._bindcallback@^3.0.0:
  version "3.0.1"
  resolved "https://registry.yarnpkg.com/lodash._bindcallback/-/lodash._bindcallback-3.0.1.tgz#e531c27644cf8b57a99e17ed95b35c748789392e"

lodash._getnative@^3.0.0:
  version "3.9.1"
  resolved "https://registry.yarnpkg.com/lodash._getnative/-/lodash._getnative-3.9.1.tgz#570bc7dede46d61cdcde687d65d3eecbaa3aaff5"

lodash.isarguments@^3.0.0:
  version "3.1.0"
  resolved "https://registry.yarnpkg.com/lodash.isarguments/-/lodash.isarguments-3.1.0.tgz#2f573d85c6a24289ff00663b491c1d338ff3458a"

lodash.isarray@^3.0.0:
  version "3.0.4"
  resolved "https://registry.yarnpkg.com/lodash.isarray/-/lodash.isarray-3.0.4.tgz#79e4eb88c36a8122af86f844aa9bcd851b5fbb55"

lodash.isequal@^3.0:
  version "3.0.4"
  resolved "https://registry.yarnpkg.com/lodash.isequal/-/lodash.isequal-3.0.4.tgz#1c35eb3b6ef0cd1ff51743e3ea3cf7fdffdacb64"
  dependencies:
    lodash._baseisequal "^3.0.0"
    lodash._bindcallback "^3.0.0"

lodash.istypedarray@^3.0.0:
  version "3.0.6"
  resolved "https://registry.yarnpkg.com/lodash.istypedarray/-/lodash.istypedarray-3.0.6.tgz#c9a477498607501d8e8494d283b87c39281cef62"

lodash.keys@^3.0.0:
  version "3.1.2"
  resolved "https://registry.yarnpkg.com/lodash.keys/-/lodash.keys-3.1.2.tgz#4dbc0472b156be50a0b286855d1bd0b0c656098a"
  dependencies:
    lodash._getnative "^3.0.0"
    lodash.isarguments "^3.0.0"
    lodash.isarray "^3.0.0"

